// !$*UTF8*$!
{
	archiveVersion = 1;
	classes = {
	};
	objectVersion = 46;
	objects = {

/* Begin PBXBuildFile section */
		63177DF41A00A1F30041AFD6 /* Images.xcassets in Resources */ = {isa = PBXBuildFile; fileRef = 63177DF31A00A1F30041AFD6 /* Images.xcassets */; };
		9D1D18301688DD110036C024 /* MapKit.framework in Frameworks */ = {isa = PBXBuildFile; fileRef = 9D1D182F1688DD110036C024 /* MapKit.framework */; };
		9D331116169DA6AD004EB03E /* ImageIO.framework in Frameworks */ = {isa = PBXBuildFile; fileRef = 9D331115169DA6AD004EB03E /* ImageIO.framework */; };
		9D331118169DA6D3004EB03E /* MessageUI.framework in Frameworks */ = {isa = PBXBuildFile; fileRef = 9D331117169DA6D3004EB03E /* MessageUI.framework */; };
		9D46FF2B172BE08400030CC4 /* MediaPlayer.framework in Frameworks */ = {isa = PBXBuildFile; fileRef = 9D46FF2A172BE08400030CC4 /* MediaPlayer.framework */; };
		9D6650C61A4EAD7A00EFA16A /* Images.xcassets in Resources */ = {isa = PBXBuildFile; fileRef = 9D6650C51A4EAD7A00EFA16A /* Images.xcassets */; };
		9D6A9FE318C3C9CB00FF0ED8 /* OpenGLES.framework in Frameworks */ = {isa = PBXBuildFile; fileRef = 9D6A9FE218C3C9CB00FF0ED8 /* OpenGLES.framework */; };
		9D75C351167A32CD00A777E3 /* AVFoundation.framework in Frameworks */ = {isa = PBXBuildFile; fileRef = 9D75C34E167A32CD00A777E3 /* AVFoundation.framework */; };
		9D75C352167A32CD00A777E3 /* CoreMedia.framework in Frameworks */ = {isa = PBXBuildFile; fileRef = 9D75C34F167A32CD00A777E3 /* CoreMedia.framework */; };
		9D75C353167A32CD00A777E3 /* CoreVideo.framework in Frameworks */ = {isa = PBXBuildFile; fileRef = 9D75C350167A32CD00A777E3 /* CoreVideo.framework */; };
		9D75C356167A332D00A777E3 /* libiconv.dylib in Frameworks */ = {isa = PBXBuildFile; fileRef = 9D75C354167A332D00A777E3 /* libiconv.dylib */; };
		9D75C357167A332D00A777E3 /* QuartzCore.framework in Frameworks */ = {isa = PBXBuildFile; fileRef = 9D75C355167A332D00A777E3 /* QuartzCore.framework */; };
		9D75C373167A3F3600A777E3 /* AudioToolbox.framework in Frameworks */ = {isa = PBXBuildFile; fileRef = 9D75C372167A3F3600A777E3 /* AudioToolbox.framework */; };
		9DA5626A1678CBB5006CC95E /* UIKit.framework in Frameworks */ = {isa = PBXBuildFile; fileRef = 9DA562691678CBB5006CC95E /* UIKit.framework */; };
		9DA5626C1678CBB5006CC95E /* Foundation.framework in Frameworks */ = {isa = PBXBuildFile; fileRef = 9DA5626B1678CBB5006CC95E /* Foundation.framework */; };
		9DA5626E1678CBB5006CC95E /* CoreGraphics.framework in Frameworks */ = {isa = PBXBuildFile; fileRef = 9DA5626D1678CBB5006CC95E /* CoreGraphics.framework */; };
		9DB683BF167C666D0002DC40 /* CFNetwork.framework in Frameworks */ = {isa = PBXBuildFile; fileRef = 9DB683BB167C666D0002DC40 /* CFNetwork.framework */; };
		9DB683C0167C666D0002DC40 /* QuartzCore.framework in Frameworks */ = {isa = PBXBuildFile; fileRef = 9DB683BC167C666D0002DC40 /* QuartzCore.framework */; };
		9DB683C1167C666D0002DC40 /* Security.framework in Frameworks */ = {isa = PBXBuildFile; fileRef = 9DB683BD167C666D0002DC40 /* Security.framework */; };
		9DB683C2167C666D0002DC40 /* SystemConfiguration.framework in Frameworks */ = {isa = PBXBuildFile; fileRef = 9DB683BE167C666D0002DC40 /* SystemConfiguration.framework */; };
		9DB683C4167C66860002DC40 /* MobileCoreServices.framework in Frameworks */ = {isa = PBXBuildFile; fileRef = 9DB683C3167C66860002DC40 /* MobileCoreServices.framework */; };
		9DB683C7167C66BF0002DC40 /* libxml2.dylib in Frameworks */ = {isa = PBXBuildFile; fileRef = 9DB683C5167C66BF0002DC40 /* libxml2.dylib */; };
		9DB683C8167C66BF0002DC40 /* libz.dylib in Frameworks */ = {isa = PBXBuildFile; fileRef = 9DB683C6167C66BF0002DC40 /* libz.dylib */; };
		9DCEE21A16864F4400540E96 /* CoreLocation.framework in Frameworks */ = {isa = PBXBuildFile; fileRef = 9DCEE21916864F4400540E96 /* CoreLocation.framework */; };
/* End PBXBuildFile section */

/* Begin PBXFileReference section */
		63177DF31A00A1F30041AFD6 /* Images.xcassets */ = {isa = PBXFileReference; lastKnownFileType = folder.assetcatalog; name = Images.xcassets; path = ScanChex/Images.xcassets; sourceTree = "<group>"; };
		9D1D182F1688DD110036C024 /* MapKit.framework */ = {isa = PBXFileReference; lastKnownFileType = wrapper.framework; name = MapKit.framework; path = System/Library/Frameworks/MapKit.framework; sourceTree = SDKROOT; };
		9D331115169DA6AD004EB03E /* ImageIO.framework */ = {isa = PBXFileReference; lastKnownFileType = wrapper.framework; name = ImageIO.framework; path = System/Library/Frameworks/ImageIO.framework; sourceTree = SDKROOT; };
		9D331117169DA6D3004EB03E /* MessageUI.framework */ = {isa = PBXFileReference; lastKnownFileType = wrapper.framework; name = MessageUI.framework; path = System/Library/Frameworks/MessageUI.framework; sourceTree = SDKROOT; };
		9D46FF2A172BE08400030CC4 /* MediaPlayer.framework */ = {isa = PBXFileReference; lastKnownFileType = wrapper.framework; name = MediaPlayer.framework; path = System/Library/Frameworks/MediaPlayer.framework; sourceTree = SDKROOT; };
		9D6650C51A4EAD7A00EFA16A /* Images.xcassets */ = {isa = PBXFileReference; lastKnownFileType = folder.assetcatalog; path = Images.xcassets; sourceTree = "<group>"; };
		9D6A9FE218C3C9CB00FF0ED8 /* OpenGLES.framework */ = {isa = PBXFileReference; lastKnownFileType = wrapper.framework; name = OpenGLES.framework; path = System/Library/Frameworks/OpenGLES.framework; sourceTree = SDKROOT; };
		9D75C34E167A32CD00A777E3 /* AVFoundation.framework */ = {isa = PBXFileReference; lastKnownFileType = wrapper.framework; name = AVFoundation.framework; path = System/Library/Frameworks/AVFoundation.framework; sourceTree = SDKROOT; };
		9D75C34F167A32CD00A777E3 /* CoreMedia.framework */ = {isa = PBXFileReference; lastKnownFileType = wrapper.framework; name = CoreMedia.framework; path = System/Library/Frameworks/CoreMedia.framework; sourceTree = SDKROOT; };
		9D75C350167A32CD00A777E3 /* CoreVideo.framework */ = {isa = PBXFileReference; lastKnownFileType = wrapper.framework; name = CoreVideo.framework; path = System/Library/Frameworks/CoreVideo.framework; sourceTree = SDKROOT; };
		9D75C354167A332D00A777E3 /* libiconv.dylib */ = {isa = PBXFileReference; lastKnownFileType = "compiled.mach-o.dylib"; name = libiconv.dylib; path = usr/lib/libiconv.dylib; sourceTree = SDKROOT; };
		9D75C355167A332D00A777E3 /* QuartzCore.framework */ = {isa = PBXFileReference; lastKnownFileType = wrapper.framework; name = QuartzCore.framework; path = System/Library/Frameworks/QuartzCore.framework; sourceTree = SDKROOT; };
		9D75C372167A3F3600A777E3 /* AudioToolbox.framework */ = {isa = PBXFileReference; lastKnownFileType = wrapper.framework; name = AudioToolbox.framework; path = System/Library/Frameworks/AudioToolbox.framework; sourceTree = SDKROOT; };
		9DA562651678CBB5006CC95E /* ScanChex.app */ = {isa = PBXFileReference; explicitFileType = wrapper.application; includeInIndex = 0; path = ScanChex.app; sourceTree = BUILT_PRODUCTS_DIR; };
		9DA562691678CBB5006CC95E /* UIKit.framework */ = {isa = PBXFileReference; lastKnownFileType = wrapper.framework; name = UIKit.framework; path = System/Library/Frameworks/UIKit.framework; sourceTree = SDKROOT; };
		9DA5626B1678CBB5006CC95E /* Foundation.framework */ = {isa = PBXFileReference; lastKnownFileType = wrapper.framework; name = Foundation.framework; path = System/Library/Frameworks/Foundation.framework; sourceTree = SDKROOT; };
		9DA5626D1678CBB5006CC95E /* CoreGraphics.framework */ = {isa = PBXFileReference; lastKnownFileType = wrapper.framework; name = CoreGraphics.framework; path = System/Library/Frameworks/CoreGraphics.framework; sourceTree = SDKROOT; };
		9DB683BB167C666D0002DC40 /* CFNetwork.framework */ = {isa = PBXFileReference; lastKnownFileType = wrapper.framework; name = CFNetwork.framework; path = System/Library/Frameworks/CFNetwork.framework; sourceTree = SDKROOT; };
		9DB683BC167C666D0002DC40 /* QuartzCore.framework */ = {isa = PBXFileReference; lastKnownFileType = wrapper.framework; name = QuartzCore.framework; path = System/Library/Frameworks/QuartzCore.framework; sourceTree = SDKROOT; };
		9DB683BD167C666D0002DC40 /* Security.framework */ = {isa = PBXFileReference; lastKnownFileType = wrapper.framework; name = Security.framework; path = System/Library/Frameworks/Security.framework; sourceTree = SDKROOT; };
		9DB683BE167C666D0002DC40 /* SystemConfiguration.framework */ = {isa = PBXFileReference; lastKnownFileType = wrapper.framework; name = SystemConfiguration.framework; path = System/Library/Frameworks/SystemConfiguration.framework; sourceTree = SDKROOT; };
		9DB683C3167C66860002DC40 /* MobileCoreServices.framework */ = {isa = PBXFileReference; lastKnownFileType = wrapper.framework; name = MobileCoreServices.framework; path = System/Library/Frameworks/MobileCoreServices.framework; sourceTree = SDKROOT; };
		9DB683C5167C66BF0002DC40 /* libxml2.dylib */ = {isa = PBXFileReference; lastKnownFileType = "compiled.mach-o.dylib"; name = libxml2.dylib; path = usr/lib/libxml2.dylib; sourceTree = SDKROOT; };
		9DB683C6167C66BF0002DC40 /* libz.dylib */ = {isa = PBXFileReference; lastKnownFileType = "compiled.mach-o.dylib"; name = libz.dylib; path = usr/lib/libz.dylib; sourceTree = SDKROOT; };
		9DCEE21916864F4400540E96 /* CoreLocation.framework */ = {isa = PBXFileReference; lastKnownFileType = wrapper.framework; name = CoreLocation.framework; path = System/Library/Frameworks/CoreLocation.framework; sourceTree = SDKROOT; };
/* End PBXFileReference section */

/* Begin PBXFrameworksBuildPhase section */
		9DA562621678CBB5006CC95E /* Frameworks */ = {
			isa = PBXFrameworksBuildPhase;
			buildActionMask = 2147483647;
			files = (
				9D6A9FE318C3C9CB00FF0ED8 /* OpenGLES.framework in Frameworks */,
				9D75C373167A3F3600A777E3 /* AudioToolbox.framework in Frameworks */,
				9D75C356167A332D00A777E3 /* libiconv.dylib in Frameworks */,
				9D75C357167A332D00A777E3 /* QuartzCore.framework in Frameworks */,
				9D75C351167A32CD00A777E3 /* AVFoundation.framework in Frameworks */,
				9D75C352167A32CD00A777E3 /* CoreMedia.framework in Frameworks */,
				9D75C353167A32CD00A777E3 /* CoreVideo.framework in Frameworks */,
				9DA5626A1678CBB5006CC95E /* UIKit.framework in Frameworks */,
				9DA5626C1678CBB5006CC95E /* Foundation.framework in Frameworks */,
				9DA5626E1678CBB5006CC95E /* CoreGraphics.framework in Frameworks */,
				9DB683BF167C666D0002DC40 /* CFNetwork.framework in Frameworks */,
				9DB683C0167C666D0002DC40 /* QuartzCore.framework in Frameworks */,
				9DB683C1167C666D0002DC40 /* Security.framework in Frameworks */,
				9DB683C2167C666D0002DC40 /* SystemConfiguration.framework in Frameworks */,
				9DB683C4167C66860002DC40 /* MobileCoreServices.framework in Frameworks */,
				9DB683C7167C66BF0002DC40 /* libxml2.dylib in Frameworks */,
				9DB683C8167C66BF0002DC40 /* libz.dylib in Frameworks */,
				9DCEE21A16864F4400540E96 /* CoreLocation.framework in Frameworks */,
				9D1D18301688DD110036C024 /* MapKit.framework in Frameworks */,
				9D331116169DA6AD004EB03E /* ImageIO.framework in Frameworks */,
				9D331118169DA6D3004EB03E /* MessageUI.framework in Frameworks */,
				9D46FF2B172BE08400030CC4 /* MediaPlayer.framework in Frameworks */,
			);
			runOnlyForDeploymentPostprocessing = 0;
		};
/* End PBXFrameworksBuildPhase section */

/* Begin PBXGroup section */
		9D6650C41A4EAD7A00EFA16A /* ScanChex */ = {
			isa = PBXGroup;
			children = (
				9D6650C51A4EAD7A00EFA16A /* Images.xcassets */,
			);
			path = ScanChex;
			sourceTree = "<group>";
		};
		9DA5625A1678CBB5006CC95E = {
			isa = PBXGroup;
			children = (
				9D6650C41A4EAD7A00EFA16A /* ScanChex */,
				63177DF31A00A1F30041AFD6 /* Images.xcassets */,
				9DA562681678CBB5006CC95E /* Frameworks */,
				9DA562661678CBB5006CC95E /* Products */,
			);
			sourceTree = "<group>";
		};
		9DA562661678CBB5006CC95E /* Products */ = {
			isa = PBXGroup;
			children = (
				9DA562651678CBB5006CC95E /* ScanChex.app */,
			);
			name = Products;
			sourceTree = "<group>";
		};
		9DA562681678CBB5006CC95E /* Frameworks */ = {
			isa = PBXGroup;
			children = (
				9DB683C5167C66BF0002DC40 /* libxml2.dylib */,
				9DB683C6167C66BF0002DC40 /* libz.dylib */,
				9D75C354167A332D00A777E3 /* libiconv.dylib */,
				9D6A9FE218C3C9CB00FF0ED8 /* OpenGLES.framework */,
				9D46FF2A172BE08400030CC4 /* MediaPlayer.framework */,
				9D331117169DA6D3004EB03E /* MessageUI.framework */,
				9D331115169DA6AD004EB03E /* ImageIO.framework */,
				9D1D182F1688DD110036C024 /* MapKit.framework */,
				9DCEE21916864F4400540E96 /* CoreLocation.framework */,
				9DB683C3167C66860002DC40 /* MobileCoreServices.framework */,
				9DB683BB167C666D0002DC40 /* CFNetwork.framework */,
				9DB683BC167C666D0002DC40 /* QuartzCore.framework */,
				9DB683BD167C666D0002DC40 /* Security.framework */,
				9DB683BE167C666D0002DC40 /* SystemConfiguration.framework */,
				9D75C372167A3F3600A777E3 /* AudioToolbox.framework */,
				9D75C355167A332D00A777E3 /* QuartzCore.framework */,
				9D75C34E167A32CD00A777E3 /* AVFoundation.framework */,
				9D75C34F167A32CD00A777E3 /* CoreMedia.framework */,
				9D75C350167A32CD00A777E3 /* CoreVideo.framework */,
				9DA562691678CBB5006CC95E /* UIKit.framework */,
				9DA5626B1678CBB5006CC95E /* Foundation.framework */,
				9DA5626D1678CBB5006CC95E /* CoreGraphics.framework */,
			);
			name = Frameworks;
			sourceTree = "<group>";
		};
/* End PBXGroup section */

/* Begin PBXNativeTarget section */
		9DA562641678CBB5006CC95E /* ScanChex */ = {
			isa = PBXNativeTarget;
			buildConfigurationList = 9DA562891678CBB5006CC95E /* Build configuration list for PBXNativeTarget "ScanChex" */;
			buildPhases = (
				9DA562611678CBB5006CC95E /* Sources */,
				9DA562621678CBB5006CC95E /* Frameworks */,
				9DA562631678CBB5006CC95E /* Resources */,
			);
			buildRules = (
			);
			dependencies = (
			);
			name = ScanChex;
			productName = VeriScanQR;
			productReference = 9DA562651678CBB5006CC95E /* ScanChex.app */;
			productType = "com.apple.product-type.application";
		};
/* End PBXNativeTarget section */

/* Begin PBXProject section */
		9DA5625C1678CBB5006CC95E /* Project object */ = {
			isa = PBXProject;
			attributes = {
				LastUpgradeCheck = 0450;
				ORGANIZATIONNAME = "Adnan Ahmad";
			};
			buildConfigurationList = 9DA5625F1678CBB5006CC95E /* Build configuration list for PBXProject "ScanChex" */;
			compatibilityVersion = "Xcode 3.2";
			developmentRegion = English;
			hasScannedForEncodings = 0;
			knownRegions = (
				en,
			);
			mainGroup = 9DA5625A1678CBB5006CC95E;
			productRefGroup = 9DA562661678CBB5006CC95E /* Products */;
			projectDirPath = "";
			projectRoot = "";
			targets = (
				9DA562641678CBB5006CC95E /* ScanChex */,
			);
		};
/* End PBXProject section */

/* Begin PBXResourcesBuildPhase section */
		9DA562631678CBB5006CC95E /* Resources */ = {
			isa = PBXResourcesBuildPhase;
			buildActionMask = 2147483647;
			files = (
				63177DF41A00A1F30041AFD6 /* Images.xcassets in Resources */,
				9D6650C61A4EAD7A00EFA16A /* Images.xcassets in Resources */,
			);
			runOnlyForDeploymentPostprocessing = 0;
		};
/* End PBXResourcesBuildPhase section */

/* Begin PBXSourcesBuildPhase section */
		9DA562611678CBB5006CC95E /* Sources */ = {
			isa = PBXSourcesBuildPhase;
			buildActionMask = 2147483647;
			files = (
			);
			runOnlyForDeploymentPostprocessing = 0;
		};
/* End PBXSourcesBuildPhase section */

/* Begin XCBuildConfiguration section */
		9DA562871678CBB5006CC95E /* Debug */ = {
			isa = XCBuildConfiguration;
			buildSettings = {
				ALWAYS_SEARCH_USER_PATHS = YES;
				CLANG_CXX_LANGUAGE_STANDARD = "gnu++0x";
				CLANG_CXX_LIBRARY = "libc++";
				CLANG_WARN_EMPTY_BODY = YES;
				CLANG_WARN__DUPLICATE_METHOD_MATCH = YES;
				CODE_SIGN_IDENTITY = "iPhone Distribution: Veriscan, Inc (EHZ88WLSRM)";
				"CODE_SIGN_IDENTITY[sdk=iphoneos*]" = "iPhone Distribution: Veriscan, Inc (EHZ88WLSRM)";
				COPY_PHASE_STRIP = NO;
				GCC_C_LANGUAGE_STANDARD = gnu99;
				GCC_DYNAMIC_NO_PIC = NO;
				GCC_OPTIMIZATION_LEVEL = 0;
				GCC_PREPROCESSOR_DEFINITIONS = (
					"DEBUG=1",
					"$(inherited)",
				);
				GCC_SYMBOLS_PRIVATE_EXTERN = NO;
				GCC_WARN_ABOUT_RETURN_TYPE = YES;
				GCC_WARN_UNINITIALIZED_AUTOS = YES;
				GCC_WARN_UNUSED_VARIABLE = YES;
				IPHONEOS_DEPLOYMENT_TARGET = 6.0;
				"LIBRARY_SEARCH_PATHS[arch=*]" = "";
				ONLY_ACTIVE_ARCH = NO;
				PROVISIONING_PROFILE = "6ea196fd-731f-42e7-8c81-eba1a6c7244b";
				"PROVISIONING_PROFILE[sdk=iphoneos*]" = "6ea196fd-731f-42e7-8c81-eba1a6c7244b";
				SDKROOT = iphoneos;
				VALID_ARCHS = "armv7 arm7a";
			};
			name = Debug;
		};
		9DA562881678CBB5006CC95E /* Release */ = {
			isa = XCBuildConfiguration;
			buildSettings = {
				ALWAYS_SEARCH_USER_PATHS = YES;
				CLANG_CXX_LANGUAGE_STANDARD = "gnu++0x";
				CLANG_CXX_LIBRARY = "libc++";
				CLANG_WARN_EMPTY_BODY = YES;
				CLANG_WARN__DUPLICATE_METHOD_MATCH = YES;
				CODE_SIGN_IDENTITY = "iPhone Distribution: Veriscan, Inc (EHZ88WLSRM)";
				"CODE_SIGN_IDENTITY[sdk=iphoneos*]" = "iPhone Distribution: Veriscan, Inc (EHZ88WLSRM)";
				COPY_PHASE_STRIP = YES;
				GCC_C_LANGUAGE_STANDARD = gnu99;
				GCC_WARN_ABOUT_RETURN_TYPE = YES;
				GCC_WARN_UNINITIALIZED_AUTOS = YES;
				GCC_WARN_UNUSED_VARIABLE = YES;
				IPHONEOS_DEPLOYMENT_TARGET = 6.0;
				LIBRARY_SEARCH_PATHS = "";
				OTHER_CFLAGS = "-DNS_BLOCK_ASSERTIONS=1";
				PROVISIONING_PROFILE = "6ea196fd-731f-42e7-8c81-eba1a6c7244b";
				"PROVISIONING_PROFILE[sdk=iphoneos*]" = "6ea196fd-731f-42e7-8c81-eba1a6c7244b";
				SDKROOT = iphoneos;
				VALIDATE_PRODUCT = YES;
				VALID_ARCHS = "armv7 arm7a";
			};
			name = Release;
		};
		9DA5628A1678CBB5006CC95E /* Debug */ = {
			isa = XCBuildConfiguration;
			buildSettings = {
				ASSETCATALOG_COMPILER_APPICON_NAME = AppIcon;
				ASSETCATALOG_COMPILER_LAUNCHIMAGE_NAME = LaunchImage;
				CODE_SIGN_IDENTITY = "iPhone Distribution: Veriscan, Inc (EHZ88WLSRM)";
				"CODE_SIGN_IDENTITY[sdk=iphoneos*]" = "iPhone Distribution: Veriscan, Inc (EHZ88WLSRM)";
				GCC_PRECOMPILE_PREFIX_HEADER = YES;
				GCC_PREFIX_HEADER = "VeriScanQR/ScanChex-Prefix.pch";
				"HEADER_SEARCH_PATHS[arch=*]" = /usr/include/libxml2;
				INFOPLIST_FILE = "VeriScanQR/ScanChex-Info.plist";
				IPHONEOS_DEPLOYMENT_TARGET = 6.0;
				LIBRARY_SEARCH_PATHS = (
					"$(inherited)",
					"\\\\\\\\\\\\\\\"$(SRCROOT)/VeriScanQR/ZBarSDK\\\\\\\\\\\\\\\"",
					"\\\\\\\\\\\\\\\"$(SRCROOT)/VeriScanQR/\\\\\\\\\\\\\\ External\\\\\\\\\\\\\\ Sources/Flurry\\\\\\\\\\\\\\\"",
					"$(SRCROOT)//VeriScanQR/ZBarSDK",
					"$(SRCROOT)/VeriScanQR/\\ External\\ Sources/Flurry",
					"$(SRCROOT)//VeriScanQR/\\ External\\ Sources/PayPalMobile",
					"$(SRCROOT)//VeriScanQR/\\ External\\ Sources/lame",
				);
				ONLY_ACTIVE_ARCH = NO;
				OTHER_LDFLAGS = (
					"-lc++",
					"-ObjC",
				);
				PRODUCT_NAME = ScanChex;
				PROVISIONING_PROFILE = "03e4cb05-6a8b-4ec9-bd41-73db011514b7";
				"PROVISIONING_PROFILE[sdk=iphoneos*]" = "03e4cb05-6a8b-4ec9-bd41-73db011514b7";
				SDKROOT = iphoneos;
				VALID_ARCHS = armv7;
				WRAPPER_EXTENSION = app;
			};
			name = Debug;
		};
		9DA5628B1678CBB5006CC95E /* Release */ = {
			isa = XCBuildConfiguration;
			buildSettings = {
				ASSETCATALOG_COMPILER_APPICON_NAME = AppIcon;
				ASSETCATALOG_COMPILER_LAUNCHIMAGE_NAME = LaunchImage;
				CODE_SIGN_IDENTITY = "iPhone Distribution: Veriscan, Inc (EHZ88WLSRM)";
				"CODE_SIGN_IDENTITY[sdk=iphoneos*]" = "iPhone Distribution: Veriscan, Inc (EHZ88WLSRM)";
				GCC_PRECOMPILE_PREFIX_HEADER = YES;
				GCC_PREFIX_HEADER = "VeriScanQR/ScanChex-Prefix.pch";
				"HEADER_SEARCH_PATHS[arch=*]" = /usr/include/libxml2;
				INFOPLIST_FILE = "VeriScanQR/ScanChex-Info.plist";
				IPHONEOS_DEPLOYMENT_TARGET = 6.0;
				LIBRARY_SEARCH_PATHS = (
					"$(inherited)",
					"\\\\\\\\\\\\\\\"$(SRCROOT)/VeriScanQR/ZBarSDK\\\\\\\\\\\\\\\"",
					"\\\\\\\\\\\\\\\"$(SRCROOT)/VeriScanQR/\\\\\\\\\\\\\\ External\\\\\\\\\\\\\\ Sources/Flurry\\\\\\\\\\\\\\\"",
					"$(SRCROOT)//VeriScanQR/ZBarSDK",
					"$(SRCROOT)//VeriScanQR/\\ External\\ Sources/Flurry",
					"$(SRCROOT)//VeriScanQR/\\ External\\ Sources/PayPalMobile",
					"$(SRCROOT)//VeriScanQR/\\ External\\ Sources/lame",
				);
				OTHER_LDFLAGS = (
					"-lc++",
					"-ObjC",
				);
				PRODUCT_NAME = ScanChex;
				PROVISIONING_PROFILE = "03e4cb05-6a8b-4ec9-bd41-73db011514b7";
				"PROVISIONING_PROFILE[sdk=iphoneos*]" = "03e4cb05-6a8b-4ec9-bd41-73db011514b7";
				SDKROOT = iphoneos;
				VALID_ARCHS = armv7;
				WRAPPER_EXTENSION = app;
			};
			name = Release;
		};
/* End XCBuildConfiguration section */

/* Begin XCConfigurationList section */
		9DA5625F1678CBB5006CC95E /* Build configuration list for PBXProject "ScanChex" */ = {
			isa = XCConfigurationList;
			buildConfigurations = (
				9DA562871678CBB5006CC95E /* Debug */,
				9DA562881678CBB5006CC95E /* Release */,
			);
			defaultConfigurationIsVisible = 0;
			defaultConfigurationName = Release;
		};
		9DA562891678CBB5006CC95E /* Build configuration list for PBXNativeTarget "ScanChex" */ = {
			isa = XCConfigurationList;
			buildConfigurations = (
				9DA5628A1678CBB5006CC95E /* Debug */,
				9DA5628B1678CBB5006CC95E /* Release */,
			);
			defaultConfigurationIsVisible = 0;
			defaultConfigurationName = Release;
		};
/* End XCConfigurationList section */
	};
	rootObject = 9DA5625C1678CBB5006CC95E /* Project object */;
}
